// !$*UTF8*$!
{
	archiveVersion = 1;
	classes = {
	};
	objectVersion = 56;
	objects = {

/* Begin PBXBuildFile section */
		000B017829D5AFA9009E9BF1 /* AddSetView.swift in Sources */ = {isa = PBXBuildFile; fileRef = 000B017729D5AFA9009E9BF1 /* AddSetView.swift */; };
		D916B7CC29D6B7AC001C4E46 /* Constants.swift in Sources */ = {isa = PBXBuildFile; fileRef = D916B7CB29D6B7AC001C4E46 /* Constants.swift */; };
		D916B7D029D6CB74001C4E46 /* WorkoutContainer.xcdatamodeld in Sources */ = {isa = PBXBuildFile; fileRef = D916B7CE29D6CB74001C4E46 /* WorkoutContainer.xcdatamodeld */; };
		D916B7D229D6CCB6001C4E46 /* CoreDataController.swift in Sources */ = {isa = PBXBuildFile; fileRef = D916B7D129D6CCB6001C4E46 /* CoreDataController.swift */; };
		D92975F029DEBE8A00F822FB /* DataController.swift in Sources */ = {isa = PBXBuildFile; fileRef = D92975EF29DEBE8A00F822FB /* DataController.swift */; };
		D92975F329DEDFF100F822FB /* AppDelegate.swift in Sources */ = {isa = PBXBuildFile; fileRef = D92975F229DEDFF100F822FB /* AppDelegate.swift */; };
		D9457E7329D2DB6100F182B8 /* WorkoutPlannerApp.swift in Sources */ = {isa = PBXBuildFile; fileRef = D9457E7229D2DB6100F182B8 /* WorkoutPlannerApp.swift */; };
		D9457E7529D2DB6100F182B8 /* DayPlanner.swift in Sources */ = {isa = PBXBuildFile; fileRef = D9457E7429D2DB6100F182B8 /* DayPlanner.swift */; };
		D9457E7729D2DB6300F182B8 /* Assets.xcassets in Resources */ = {isa = PBXBuildFile; fileRef = D9457E7629D2DB6300F182B8 /* Assets.xcassets */; };
		D9457E7A29D2DB6300F182B8 /* Preview Assets.xcassets in Resources */ = {isa = PBXBuildFile; fileRef = D9457E7929D2DB6300F182B8 /* Preview Assets.xcassets */; };
		D9457E8229D2FC4700F182B8 /* WorkoutView.swift in Sources */ = {isa = PBXBuildFile; fileRef = D9457E8129D2FC4700F182B8 /* WorkoutView.swift */; };
		D9457E8429D2FC6500F182B8 /* WorkoutModel.swift in Sources */ = {isa = PBXBuildFile; fileRef = D9457E8329D2FC6500F182B8 /* WorkoutModel.swift */; };
		D9457E8629D2FCEC00F182B8 /* WorkoutSource.swift in Sources */ = {isa = PBXBuildFile; fileRef = D9457E8529D2FCEC00F182B8 /* WorkoutSource.swift */; };
		D9457E8829D3097800F182B8 /* AddWorkout.swift in Sources */ = {isa = PBXBuildFile; fileRef = D9457E8729D3097800F182B8 /* AddWorkout.swift */; };
		D9DCEF3629D4322500A659FD /* WorkoutJournal.swift in Sources */ = {isa = PBXBuildFile; fileRef = D9DCEF3529D4322500A659FD /* WorkoutJournal.swift */; };
		D9DCEF3929D4497300A659FD /* WorkoutDayPlan.swift in Sources */ = {isa = PBXBuildFile; fileRef = D9DCEF3829D4497300A659FD /* WorkoutDayPlan.swift */; };
/* End PBXBuildFile section */

/* Begin PBXFileReference section */
		000B017729D5AFA9009E9BF1 /* AddSetView.swift */ = {isa = PBXFileReference; lastKnownFileType = sourcecode.swift; path = AddSetView.swift; sourceTree = "<group>"; };
		D916B7CB29D6B7AC001C4E46 /* Constants.swift */ = {isa = PBXFileReference; lastKnownFileType = sourcecode.swift; path = Constants.swift; sourceTree = "<group>"; };
		D916B7CF29D6CB74001C4E46 /* WorkoutJournel.xcdatamodel */ = {isa = PBXFileReference; lastKnownFileType = wrapper.xcdatamodel; path = WorkoutJournel.xcdatamodel; sourceTree = "<group>"; };
		D916B7D129D6CCB6001C4E46 /* CoreDataController.swift */ = {isa = PBXFileReference; lastKnownFileType = sourcecode.swift; path = CoreDataController.swift; sourceTree = "<group>"; };
		D92975EF29DEBE8A00F822FB /* DataController.swift */ = {isa = PBXFileReference; lastKnownFileType = sourcecode.swift; path = DataController.swift; sourceTree = "<group>"; };
		D92975F129DED55800F822FB /* WorkoutPlannerDebug.entitlements */ = {isa = PBXFileReference; lastKnownFileType = text.plist.entitlements; path = WorkoutPlannerDebug.entitlements; sourceTree = "<group>"; };
		D92975F229DEDFF100F822FB /* AppDelegate.swift */ = {isa = PBXFileReference; lastKnownFileType = sourcecode.swift; path = AppDelegate.swift; sourceTree = "<group>"; };
		D932840E29DD89AE00A507E7 /* Info.plist */ = {isa = PBXFileReference; lastKnownFileType = text.plist; path = Info.plist; sourceTree = "<group>"; };
		D9457E6F29D2DB6100F182B8 /* WorkoutPlanner.app */ = {isa = PBXFileReference; explicitFileType = wrapper.application; includeInIndex = 0; path = WorkoutPlanner.app; sourceTree = BUILT_PRODUCTS_DIR; };
		D9457E7229D2DB6100F182B8 /* WorkoutPlannerApp.swift */ = {isa = PBXFileReference; lastKnownFileType = sourcecode.swift; path = WorkoutPlannerApp.swift; sourceTree = "<group>"; };
		D9457E7429D2DB6100F182B8 /* DayPlanner.swift */ = {isa = PBXFileReference; lastKnownFileType = sourcecode.swift; path = DayPlanner.swift; sourceTree = "<group>"; };
		D9457E7629D2DB6300F182B8 /* Assets.xcassets */ = {isa = PBXFileReference; lastKnownFileType = folder.assetcatalog; path = Assets.xcassets; sourceTree = "<group>"; };
		D9457E7929D2DB6300F182B8 /* Preview Assets.xcassets */ = {isa = PBXFileReference; lastKnownFileType = folder.assetcatalog; path = "Preview Assets.xcassets"; sourceTree = "<group>"; };
		D9457E8129D2FC4700F182B8 /* WorkoutView.swift */ = {isa = PBXFileReference; lastKnownFileType = sourcecode.swift; path = WorkoutView.swift; sourceTree = "<group>"; };
		D9457E8329D2FC6500F182B8 /* WorkoutModel.swift */ = {isa = PBXFileReference; lastKnownFileType = sourcecode.swift; path = WorkoutModel.swift; sourceTree = "<group>"; };
		D9457E8529D2FCEC00F182B8 /* WorkoutSource.swift */ = {isa = PBXFileReference; lastKnownFileType = sourcecode.swift; path = WorkoutSource.swift; sourceTree = "<group>"; };
		D9457E8729D3097800F182B8 /* AddWorkout.swift */ = {isa = PBXFileReference; lastKnownFileType = sourcecode.swift; path = AddWorkout.swift; sourceTree = "<group>"; };
		D96EA7F429DD8EFE004C7166 /* WorkoutPlanner.entitlements */ = {isa = PBXFileReference; lastKnownFileType = text.plist.entitlements; path = WorkoutPlanner.entitlements; sourceTree = "<group>"; };
		D9DCEF3529D4322500A659FD /* WorkoutJournal.swift */ = {isa = PBXFileReference; lastKnownFileType = sourcecode.swift; path = WorkoutJournal.swift; sourceTree = "<group>"; };
		D9DCEF3829D4497300A659FD /* WorkoutDayPlan.swift */ = {isa = PBXFileReference; lastKnownFileType = sourcecode.swift; path = WorkoutDayPlan.swift; sourceTree = "<group>"; };
/* End PBXFileReference section */

/* Begin PBXFrameworksBuildPhase section */
		D9457E6C29D2DB6100F182B8 /* Frameworks */ = {
			isa = PBXFrameworksBuildPhase;
			buildActionMask = 2147483647;
			files = (
			);
			runOnlyForDeploymentPostprocessing = 0;
		};
/* End PBXFrameworksBuildPhase section */

/* Begin PBXGroup section */
		D916B7CD29D6CB50001C4E46 /* DataModels */ = {
			isa = PBXGroup;
			children = (
				D92975EE29DEBE6400F822FB /* EntityManagers */,
				D916B7CE29D6CB74001C4E46 /* WorkoutContainer.xcdatamodeld */,
				D916B7D129D6CCB6001C4E46 /* CoreDataController.swift */,
				D92975EF29DEBE8A00F822FB /* DataController.swift */,
			);
			path = DataModels;
			sourceTree = "<group>";
		};
		D92975EE29DEBE6400F822FB /* EntityManagers */ = {
			isa = PBXGroup;
			children = (
			);
			path = EntityManagers;
			sourceTree = "<group>";
		};
		D9457E6629D2DB6100F182B8 = {
			isa = PBXGroup;
			children = (
				D9457E7129D2DB6100F182B8 /* WorkoutPlanner */,
				D9457E7029D2DB6100F182B8 /* Products */,
			);
			sourceTree = "<group>";
		};
		D9457E7029D2DB6100F182B8 /* Products */ = {
			isa = PBXGroup;
			children = (
				D9457E6F29D2DB6100F182B8 /* WorkoutPlanner.app */,
			);
			name = Products;
			sourceTree = "<group>";
		};
		D9457E7129D2DB6100F182B8 /* WorkoutPlanner */ = {
			isa = PBXGroup;
			children = (
				D92975F129DED55800F822FB /* WorkoutPlannerDebug.entitlements */,
				D96EA7F429DD8EFE004C7166 /* WorkoutPlanner.entitlements */,
				D932840E29DD89AE00A507E7 /* Info.plist */,
				D916B7CD29D6CB50001C4E46 /* DataModels */,
				D9457E8029D2FC1000F182B8 /* Views */,
				D9457E7229D2DB6100F182B8 /* WorkoutPlannerApp.swift */,
				D92975F229DEDFF100F822FB /* AppDelegate.swift */,
				D9457E7429D2DB6100F182B8 /* DayPlanner.swift */,
				D9457E7629D2DB6300F182B8 /* Assets.xcassets */,
				D9457E7829D2DB6300F182B8 /* Preview Content */,
				D9DCEF3729D4495700A659FD /* Models */,
				D9457E8529D2FCEC00F182B8 /* WorkoutSource.swift */,
				D9DCEF3529D4322500A659FD /* WorkoutJournal.swift */,
				D916B7CB29D6B7AC001C4E46 /* Constants.swift */,
			);
			path = WorkoutPlanner;
			sourceTree = "<group>";
		};
		D9457E7829D2DB6300F182B8 /* Preview Content */ = {
			isa = PBXGroup;
			children = (
				D9457E7929D2DB6300F182B8 /* Preview Assets.xcassets */,
			);
			path = "Preview Content";
			sourceTree = "<group>";
		};
		D9457E8029D2FC1000F182B8 /* Views */ = {
			isa = PBXGroup;
			children = (
				D9457E8129D2FC4700F182B8 /* WorkoutView.swift */,
				D9457E8729D3097800F182B8 /* AddWorkout.swift */,
				000B017729D5AFA9009E9BF1 /* AddSetView.swift */,
			);
			path = Views;
			sourceTree = "<group>";
		};
		D9DCEF3729D4495700A659FD /* Models */ = {
			isa = PBXGroup;
			children = (
				D9457E8329D2FC6500F182B8 /* WorkoutModel.swift */,
				D9DCEF3829D4497300A659FD /* WorkoutDayPlan.swift */,
			);
			path = Models;
			sourceTree = "<group>";
		};
/* End PBXGroup section */

/* Begin PBXNativeTarget section */
		D9457E6E29D2DB6100F182B8 /* WorkoutPlanner */ = {
			isa = PBXNativeTarget;
			buildConfigurationList = D9457E7D29D2DB6300F182B8 /* Build configuration list for PBXNativeTarget "WorkoutPlanner" */;
			buildPhases = (
				D9457E6B29D2DB6100F182B8 /* Sources */,
				D9457E6C29D2DB6100F182B8 /* Frameworks */,
				D9457E6D29D2DB6100F182B8 /* Resources */,
			);
			buildRules = (
			);
			dependencies = (
			);
			name = WorkoutPlanner;
			productName = WorkoutPlanner;
			productReference = D9457E6F29D2DB6100F182B8 /* WorkoutPlanner.app */;
			productType = "com.apple.product-type.application";
		};
/* End PBXNativeTarget section */

/* Begin PBXProject section */
		D9457E6729D2DB6100F182B8 /* Project object */ = {
			isa = PBXProject;
			attributes = {
				BuildIndependentTargetsInParallel = 1;
				LastSwiftUpdateCheck = 1410;
				LastUpgradeCheck = 1410;
				TargetAttributes = {
					D9457E6E29D2DB6100F182B8 = {
						CreatedOnToolsVersion = 14.1;
					};
				};
			};
			buildConfigurationList = D9457E6A29D2DB6100F182B8 /* Build configuration list for PBXProject "WorkoutPlanner" */;
			compatibilityVersion = "Xcode 14.0";
			developmentRegion = en;
			hasScannedForEncodings = 0;
			knownRegions = (
				en,
				Base,
			);
			mainGroup = D9457E6629D2DB6100F182B8;
			productRefGroup = D9457E7029D2DB6100F182B8 /* Products */;
			projectDirPath = "";
			projectRoot = "";
			targets = (
				D9457E6E29D2DB6100F182B8 /* WorkoutPlanner */,
			);
		};
/* End PBXProject section */

/* Begin PBXResourcesBuildPhase section */
		D9457E6D29D2DB6100F182B8 /* Resources */ = {
			isa = PBXResourcesBuildPhase;
			buildActionMask = 2147483647;
			files = (
				D9457E7A29D2DB6300F182B8 /* Preview Assets.xcassets in Resources */,
				D9457E7729D2DB6300F182B8 /* Assets.xcassets in Resources */,
			);
			runOnlyForDeploymentPostprocessing = 0;
		};
/* End PBXResourcesBuildPhase section */

/* Begin PBXSourcesBuildPhase section */
		D9457E6B29D2DB6100F182B8 /* Sources */ = {
			isa = PBXSourcesBuildPhase;
			buildActionMask = 2147483647;
			files = (
				D9DCEF3629D4322500A659FD /* WorkoutJournal.swift in Sources */,
				D916B7D229D6CCB6001C4E46 /* CoreDataController.swift in Sources */,
				D9457E7529D2DB6100F182B8 /* DayPlanner.swift in Sources */,
				D916B7D029D6CB74001C4E46 /* WorkoutContainer.xcdatamodeld in Sources */,
				D92975F329DEDFF100F822FB /* AppDelegate.swift in Sources */,
				D9457E8429D2FC6500F182B8 /* WorkoutModel.swift in Sources */,
				D9DCEF3929D4497300A659FD /* WorkoutDayPlan.swift in Sources */,
				D9457E8229D2FC4700F182B8 /* WorkoutView.swift in Sources */,
				D916B7CC29D6B7AC001C4E46 /* Constants.swift in Sources */,
				000B017829D5AFA9009E9BF1 /* AddSetView.swift in Sources */,
				D9457E8829D3097800F182B8 /* AddWorkout.swift in Sources */,
				D9457E8629D2FCEC00F182B8 /* WorkoutSource.swift in Sources */,
				D92975F029DEBE8A00F822FB /* DataController.swift in Sources */,
				D9457E7329D2DB6100F182B8 /* WorkoutPlannerApp.swift in Sources */,
			);
			runOnlyForDeploymentPostprocessing = 0;
		};
/* End PBXSourcesBuildPhase section */

/* Begin XCBuildConfiguration section */
		D9457E7B29D2DB6300F182B8 /* Debug */ = {
			isa = XCBuildConfiguration;
			buildSettings = {
				ALWAYS_SEARCH_USER_PATHS = NO;
				CLANG_ANALYZER_NONNULL = YES;
				CLANG_ANALYZER_NUMBER_OBJECT_CONVERSION = YES_AGGRESSIVE;
				CLANG_CXX_LANGUAGE_STANDARD = "gnu++20";
				CLANG_ENABLE_MODULES = YES;
				CLANG_ENABLE_OBJC_ARC = YES;
				CLANG_ENABLE_OBJC_WEAK = YES;
				CLANG_WARN_BLOCK_CAPTURE_AUTORELEASING = YES;
				CLANG_WARN_BOOL_CONVERSION = YES;
				CLANG_WARN_COMMA = YES;
				CLANG_WARN_CONSTANT_CONVERSION = YES;
				CLANG_WARN_DEPRECATED_OBJC_IMPLEMENTATIONS = YES;
				CLANG_WARN_DIRECT_OBJC_ISA_USAGE = YES_ERROR;
				CLANG_WARN_DOCUMENTATION_COMMENTS = YES;
				CLANG_WARN_EMPTY_BODY = YES;
				CLANG_WARN_ENUM_CONVERSION = YES;
				CLANG_WARN_INFINITE_RECURSION = YES;
				CLANG_WARN_INT_CONVERSION = YES;
				CLANG_WARN_NON_LITERAL_NULL_CONVERSION = YES;
				CLANG_WARN_OBJC_IMPLICIT_RETAIN_SELF = YES;
				CLANG_WARN_OBJC_LITERAL_CONVERSION = YES;
				CLANG_WARN_OBJC_ROOT_CLASS = YES_ERROR;
				CLANG_WARN_QUOTED_INCLUDE_IN_FRAMEWORK_HEADER = YES;
				CLANG_WARN_RANGE_LOOP_ANALYSIS = YES;
				CLANG_WARN_STRICT_PROTOTYPES = YES;
				CLANG_WARN_SUSPICIOUS_MOVE = YES;
				CLANG_WARN_UNGUARDED_AVAILABILITY = YES_AGGRESSIVE;
				CLANG_WARN_UNREACHABLE_CODE = YES;
				CLANG_WARN__DUPLICATE_METHOD_MATCH = YES;
				COPY_PHASE_STRIP = NO;
				DEBUG_INFORMATION_FORMAT = dwarf;
				ENABLE_STRICT_OBJC_MSGSEND = YES;
				ENABLE_TESTABILITY = YES;
				GCC_C_LANGUAGE_STANDARD = gnu11;
				GCC_DYNAMIC_NO_PIC = NO;
				GCC_NO_COMMON_BLOCKS = YES;
				GCC_OPTIMIZATION_LEVEL = 0;
				GCC_PREPROCESSOR_DEFINITIONS = (
					"DEBUG=1",
					"$(inherited)",
				);
				GCC_WARN_64_TO_32_BIT_CONVERSION = YES;
				GCC_WARN_ABOUT_RETURN_TYPE = YES_ERROR;
				GCC_WARN_UNDECLARED_SELECTOR = YES;
				GCC_WARN_UNINITIALIZED_AUTOS = YES_AGGRESSIVE;
				GCC_WARN_UNUSED_FUNCTION = YES;
				GCC_WARN_UNUSED_VARIABLE = YES;
				IPHONEOS_DEPLOYMENT_TARGET = 16.1;
				MTL_ENABLE_DEBUG_INFO = INCLUDE_SOURCE;
				MTL_FAST_MATH = YES;
				ONLY_ACTIVE_ARCH = YES;
				SDKROOT = iphoneos;
				SWIFT_ACTIVE_COMPILATION_CONDITIONS = DEBUG;
				SWIFT_OPTIMIZATION_LEVEL = "-Onone";
			};
			name = Debug;
		};
		D9457E7C29D2DB6300F182B8 /* Release */ = {
			isa = XCBuildConfiguration;
			buildSettings = {
				ALWAYS_SEARCH_USER_PATHS = NO;
				CLANG_ANALYZER_NONNULL = YES;
				CLANG_ANALYZER_NUMBER_OBJECT_CONVERSION = YES_AGGRESSIVE;
				CLANG_CXX_LANGUAGE_STANDARD = "gnu++20";
				CLANG_ENABLE_MODULES = YES;
				CLANG_ENABLE_OBJC_ARC = YES;
				CLANG_ENABLE_OBJC_WEAK = YES;
				CLANG_WARN_BLOCK_CAPTURE_AUTORELEASING = YES;
				CLANG_WARN_BOOL_CONVERSION = YES;
				CLANG_WARN_COMMA = YES;
				CLANG_WARN_CONSTANT_CONVERSION = YES;
				CLANG_WARN_DEPRECATED_OBJC_IMPLEMENTATIONS = YES;
				CLANG_WARN_DIRECT_OBJC_ISA_USAGE = YES_ERROR;
				CLANG_WARN_DOCUMENTATION_COMMENTS = YES;
				CLANG_WARN_EMPTY_BODY = YES;
				CLANG_WARN_ENUM_CONVERSION = YES;
				CLANG_WARN_INFINITE_RECURSION = YES;
				CLANG_WARN_INT_CONVERSION = YES;
				CLANG_WARN_NON_LITERAL_NULL_CONVERSION = YES;
				CLANG_WARN_OBJC_IMPLICIT_RETAIN_SELF = YES;
				CLANG_WARN_OBJC_LITERAL_CONVERSION = YES;
				CLANG_WARN_OBJC_ROOT_CLASS = YES_ERROR;
				CLANG_WARN_QUOTED_INCLUDE_IN_FRAMEWORK_HEADER = YES;
				CLANG_WARN_RANGE_LOOP_ANALYSIS = YES;
				CLANG_WARN_STRICT_PROTOTYPES = YES;
				CLANG_WARN_SUSPICIOUS_MOVE = YES;
				CLANG_WARN_UNGUARDED_AVAILABILITY = YES_AGGRESSIVE;
				CLANG_WARN_UNREACHABLE_CODE = YES;
				CLANG_WARN__DUPLICATE_METHOD_MATCH = YES;
				COPY_PHASE_STRIP = NO;
				DEBUG_INFORMATION_FORMAT = "dwarf-with-dsym";
				ENABLE_NS_ASSERTIONS = NO;
				ENABLE_STRICT_OBJC_MSGSEND = YES;
				GCC_C_LANGUAGE_STANDARD = gnu11;
				GCC_NO_COMMON_BLOCKS = YES;
				GCC_WARN_64_TO_32_BIT_CONVERSION = YES;
				GCC_WARN_ABOUT_RETURN_TYPE = YES_ERROR;
				GCC_WARN_UNDECLARED_SELECTOR = YES;
				GCC_WARN_UNINITIALIZED_AUTOS = YES_AGGRESSIVE;
				GCC_WARN_UNUSED_FUNCTION = YES;
				GCC_WARN_UNUSED_VARIABLE = YES;
				IPHONEOS_DEPLOYMENT_TARGET = 16.1;
				MTL_ENABLE_DEBUG_INFO = NO;
				MTL_FAST_MATH = YES;
				SDKROOT = iphoneos;
				SWIFT_COMPILATION_MODE = wholemodule;
				SWIFT_OPTIMIZATION_LEVEL = "-O";
				VALIDATE_PRODUCT = YES;
			};
			name = Release;
		};
		D9457E7E29D2DB6300F182B8 /* Debug */ = {
			isa = XCBuildConfiguration;
			buildSettings = {
				ASSETCATALOG_COMPILER_APPICON_NAME = AppIcon;
				ASSETCATALOG_COMPILER_GLOBAL_ACCENT_COLOR_NAME = AccentColor;
				CODE_SIGN_ENTITLEMENTS = WorkoutPlanner/WorkoutPlannerDebug.entitlements;
				"CODE_SIGN_IDENTITY[sdk=iphoneos*]" = "iPhone Developer";
				CODE_SIGN_STYLE = Manual;
				CURRENT_PROJECT_VERSION = 1;
				DEVELOPMENT_ASSET_PATHS = "\"WorkoutPlanner/Preview Content\"";
				DEVELOPMENT_TEAM = "";
				"DEVELOPMENT_TEAM[sdk=iphoneos*]" = FVKMJT46KC;
				ENABLE_PREVIEWS = YES;
				GENERATE_INFOPLIST_FILE = YES;
				INFOPLIST_FILE = WorkoutPlanner/Info.plist;
				INFOPLIST_KEY_CFBundleDisplayName = Workal;
				INFOPLIST_KEY_LSApplicationCategoryType = "public.app-category.healthcare-fitness";
				INFOPLIST_KEY_UIApplicationSceneManifest_Generation = YES;
				INFOPLIST_KEY_UIApplicationSupportsIndirectInputEvents = YES;
				INFOPLIST_KEY_UILaunchScreen_Generation = YES;
				INFOPLIST_KEY_UISupportedInterfaceOrientations_iPad = "UIInterfaceOrientationPortrait UIInterfaceOrientationPortraitUpsideDown UIInterfaceOrientationLandscapeLeft UIInterfaceOrientationLandscapeRight";
				INFOPLIST_KEY_UISupportedInterfaceOrientations_iPhone = "UIInterfaceOrientationPortrait UIInterfaceOrientationLandscapeLeft UIInterfaceOrientationLandscapeRight";
				IPHONEOS_DEPLOYMENT_TARGET = 14.1;
				LD_RUNPATH_SEARCH_PATHS = (
					"$(inherited)",
					"@executable_path/Frameworks",
				);
				MARKETING_VERSION = 1.0;
				PRODUCT_BUNDLE_IDENTIFIER = com.dex.WorkoutPlanner1;
				PRODUCT_NAME = "$(TARGET_NAME)";
				PROVISIONING_PROFILE_SPECIFIER = "";
				"PROVISIONING_PROFILE_SPECIFIER[sdk=iphoneos*]" = WorkoutPlan;
				SUPPORTED_PLATFORMS = "iphoneos iphonesimulator";
				SUPPORTS_MACCATALYST = NO;
				SUPPORTS_MAC_DESIGNED_FOR_IPHONE_IPAD = NO;
				SWIFT_EMIT_LOC_STRINGS = YES;
				SWIFT_VERSION = 5.0;
				TARGETED_DEVICE_FAMILY = "1,2";
			};
			name = Debug;
		};
		D9457E7F29D2DB6300F182B8 /* Release */ = {
			isa = XCBuildConfiguration;
			buildSettings = {
				ASSETCATALOG_COMPILER_APPICON_NAME = AppIcon;
				ASSETCATALOG_COMPILER_GLOBAL_ACCENT_COLOR_NAME = AccentColor;
				CODE_SIGN_ENTITLEMENTS = WorkoutPlanner/WorkoutPlanner.entitlements;
				"CODE_SIGN_IDENTITY[sdk=iphoneos*]" = "iPhone Developer";
				CODE_SIGN_STYLE = Manual;
				CURRENT_PROJECT_VERSION = 1;
				DEVELOPMENT_ASSET_PATHS = "\"WorkoutPlanner/Preview Content\"";
				DEVELOPMENT_TEAM = "";
				"DEVELOPMENT_TEAM[sdk=iphoneos*]" = FVKMJT46KC;
				ENABLE_PREVIEWS = YES;
				GENERATE_INFOPLIST_FILE = YES;
				INFOPLIST_FILE = WorkoutPlanner/Info.plist;
				INFOPLIST_KEY_CFBundleDisplayName = Workal;
				INFOPLIST_KEY_LSApplicationCategoryType = "public.app-category.healthcare-fitness";
				INFOPLIST_KEY_UIApplicationSceneManifest_Generation = YES;
				INFOPLIST_KEY_UIApplicationSupportsIndirectInputEvents = YES;
				INFOPLIST_KEY_UILaunchScreen_Generation = YES;
				INFOPLIST_KEY_UISupportedInterfaceOrientations_iPad = "UIInterfaceOrientationPortrait UIInterfaceOrientationPortraitUpsideDown UIInterfaceOrientationLandscapeLeft UIInterfaceOrientationLandscapeRight";
				INFOPLIST_KEY_UISupportedInterfaceOrientations_iPhone = "UIInterfaceOrientationPortrait UIInterfaceOrientationLandscapeLeft UIInterfaceOrientationLandscapeRight";
				IPHONEOS_DEPLOYMENT_TARGET = 14.1;
				LD_RUNPATH_SEARCH_PATHS = (
					"$(inherited)",
					"@executable_path/Frameworks",
				);
				MARKETING_VERSION = 1.0;
				PRODUCT_BUNDLE_IDENTIFIER = com.dex.WorkoutPlanner1;
				PRODUCT_NAME = "$(TARGET_NAME)";
				PROVISIONING_PROFILE_SPECIFIER = "";
				"PROVISIONING_PROFILE_SPECIFIER[sdk=iphoneos*]" = WorkoutPlan;
				SUPPORTED_PLATFORMS = "iphoneos iphonesimulator";
				SUPPORTS_MACCATALYST = NO;
				SUPPORTS_MAC_DESIGNED_FOR_IPHONE_IPAD = NO;
				SWIFT_EMIT_LOC_STRINGS = YES;
				SWIFT_VERSION = 5.0;
				TARGETED_DEVICE_FAMILY = "1,2";
			};
			name = Release;
		};
/* End XCBuildConfiguration section */

/* Begin XCConfigurationList section */
		D9457E6A29D2DB6100F182B8 /* Build configuration list for PBXProject "WorkoutPlanner" */ = {
			isa = XCConfigurationList;
			buildConfigurations = (
				D9457E7B29D2DB6300F182B8 /* Debug */,
				D9457E7C29D2DB6300F182B8 /* Release */,
			);
			defaultConfigurationIsVisible = 0;
			defaultConfigurationName = Release;
		};
		D9457E7D29D2DB6300F182B8 /* Build configuration list for PBXNativeTarget "WorkoutPlanner" */ = {
			isa = XCConfigurationList;
			buildConfigurations = (
				D9457E7E29D2DB6300F182B8 /* Debug */,
				D9457E7F29D2DB6300F182B8 /* Release */,
			);
			defaultConfigurationIsVisible = 0;
			defaultConfigurationName = Release;
		};
/* End XCConfigurationList section */

/* Begin XCVersionGroup section */
		D916B7CE29D6CB74001C4E46 /* WorkoutContainer.xcdatamodeld */ = {
			isa = XCVersionGroup;
			children = (
				D916B7CF29D6CB74001C4E46 /* WorkoutJournel.xcdatamodel */,
			);
			currentVersion = D916B7CF29D6CB74001C4E46 /* WorkoutJournel.xcdatamodel */;
			path = WorkoutContainer.xcdatamodeld;
			sourceTree = "<group>";
			versionGroupType = wrapper.xcdatamodel;
		};
/* End XCVersionGroup section */
	};
	rootObject = D9457E6729D2DB6100F182B8 /* Project object */;
}
